
Microsoft Visual Studio Solution File, Format Version 12.00
# Visual Studio Version 17
VisualStudioVersion = 17.3.32819.101
MinimumVisualStudioVersion = 10.0.40219.1
Project("{FAE04EC0-301F-11D3-BF4B-00C04F79EFBC}") = "LensZone", "LensZone.csproj", "{784BAD34-BD4A-443B-AC9D-0C604C729361}"
EndProject
Global
	GlobalSection(SolutionConfigurationPlatforms) = preSolution
		Debug|Any CPU = Debug|Any CPU
		Release|Any CPU = Release|Any CPU
	EndGlobalSection
	GlobalSection(ProjectConfigurationPlatforms) = postSolution
		{784BAD34-BD4A-443B-AC9D-0C604C729361}.Debug|Any CPU.ActiveCfg = Debug|Any CPU
		{784BAD34-BD4A-443B-AC9D-0C604C729361}.Debug|Any CPU.Build.0 = Debug|Any CPU
		{784BAD34-BD4A-443B-AC9D-0C604C729361}.Release|Any CPU.ActiveCfg = Release|Any CPU
		{784BAD34-BD4A-443B-AC9D-0C604C729361}.Release|Any CPU.Build.0 = Release|Any CPU
	EndGlobalSection
	GlobalSection(SolutionProperties) = preSolution
		HideSolutionNode = FALSE
	EndGlobalSection
	GlobalSection(ExtensibilityGlobals) = postSolution
		SolutionGuid = {F33B58B4-7B92-4137-ABE3-135C7066583D}
	EndGlobalSection
EndGlobal
